// !$*UTF8*$!
{
	archiveVersion = 1;
	classes = {
	};
	objectVersion = 46;
	objects = {

/* Begin PBXBuildFile section */
		A4765A641ED3121000A17958 /* main.m in Sources */ = {isa = PBXBuildFile; fileRef = A4765A631ED3121000A17958 /* main.m */; };
		A4765A671ED3121000A17958 /* AppDelegate.m in Sources */ = {isa = PBXBuildFile; fileRef = A4765A661ED3121000A17958 /* AppDelegate.m */; };
		A4765A6A1ED3121000A17958 /* ViewController.m in Sources */ = {isa = PBXBuildFile; fileRef = A4765A691ED3121000A17958 /* ViewController.m */; };
		A4765A6D1ED3121000A17958 /* Main.storyboard in Resources */ = {isa = PBXBuildFile; fileRef = A4765A6B1ED3121000A17958 /* Main.storyboard */; };
		A4765A6F1ED3121000A17958 /* Assets.xcassets in Resources */ = {isa = PBXBuildFile; fileRef = A4765A6E1ED3121000A17958 /* Assets.xcassets */; };
		A4765A721ED3121000A17958 /* LaunchScreen.storyboard in Resources */ = {isa = PBXBuildFile; fileRef = A4765A701ED3121000A17958 /* LaunchScreen.storyboard */; };
		A4765A7D1ED3121000A17958 /* accordingToTheNeedToLoadTests.m in Sources */ = {isa = PBXBuildFile; fileRef = A4765A7C1ED3121000A17958 /* accordingToTheNeedToLoadTests.m */; };
		A4765A891ED313B600A17958 /* TableViewCell.m in Sources */ = {isa = PBXBuildFile; fileRef = A4765A881ED313B600A17958 /* TableViewCell.m */; };
/* End PBXBuildFile section */

/* Begin PBXContainerItemProxy section */
		A4765A791ED3121000A17958 /* PBXContainerItemProxy */ = {
			isa = PBXContainerItemProxy;
			containerPortal = A4765A571ED3121000A17958 /* Project object */;
			proxyType = 1;
			remoteGlobalIDString = A4765A5E1ED3121000A17958;
			remoteInfo = accordingToTheNeedToLoad;
		};
/* End PBXContainerItemProxy section */

/* Begin PBXFileReference section */
		A4765A5F1ED3121000A17958 /* accordingToTheNeedToLoad.app */ = {isa = PBXFileReference; explicitFileType = wrapper.application; includeInIndex = 0; path = accordingToTheNeedToLoad.app; sourceTree = BUILT_PRODUCTS_DIR; };
		A4765A631ED3121000A17958 /* main.m */ = {isa = PBXFileReference; lastKnownFileType = sourcecode.c.objc; path = main.m; sourceTree = "<group>"; };
		A4765A651ED3121000A17958 /* AppDelegate.h */ = {isa = PBXFileReference; lastKnownFileType = sourcecode.c.h; path = AppDelegate.h; sourceTree = "<group>"; };
		A4765A661ED3121000A17958 /* AppDelegate.m */ = {isa = PBXFileReference; lastKnownFileType = sourcecode.c.objc; path = AppDelegate.m; sourceTree = "<group>"; };
		A4765A681ED3121000A17958 /* ViewController.h */ = {isa = PBXFileReference; lastKnownFileType = sourcecode.c.h; path = ViewController.h; sourceTree = "<group>"; };
		A4765A691ED3121000A17958 /* ViewController.m */ = {isa = PBXFileReference; lastKnownFileType = sourcecode.c.objc; path = ViewController.m; sourceTree = "<group>"; };
		A4765A6C1ED3121000A17958 /* Base */ = {isa = PBXFileReference; lastKnownFileType = file.storyboard; name = Base; path = Base.lproj/Main.storyboard; sourceTree = "<group>"; };
		A4765A6E1ED3121000A17958 /* Assets.xcassets */ = {isa = PBXFileReference; lastKnownFileType = folder.assetcatalog; path = Assets.xcassets; sourceTree = "<group>"; };
		A4765A711ED3121000A17958 /* Base */ = {isa = PBXFileReference; lastKnownFileType = file.storyboard; name = Base; path = Base.lproj/LaunchScreen.storyboard; sourceTree = "<group>"; };
		A4765A731ED3121000A17958 /* Info.plist */ = {isa = PBXFileReference; lastKnownFileType = text.plist.xml; path = Info.plist; sourceTree = "<group>"; };
		A4765A781ED3121000A17958 /* accordingToTheNeedToLoadTests.xctest */ = {isa = PBXFileReference; explicitFileType = wrapper.cfbundle; includeInIndex = 0; path = accordingToTheNeedToLoadTests.xctest; sourceTree = BUILT_PRODUCTS_DIR; };
		A4765A7C1ED3121000A17958 /* accordingToTheNeedToLoadTests.m */ = {isa = PBXFileReference; lastKnownFileType = sourcecode.c.objc; path = accordingToTheNeedToLoadTests.m; sourceTree = "<group>"; };
		A4765A7E1ED3121000A17958 /* Info.plist */ = {isa = PBXFileReference; lastKnownFileType = text.plist.xml; path = Info.plist; sourceTree = "<group>"; };
		A4765A871ED313B600A17958 /* TableViewCell.h */ = {isa = PBXFileReference; fileEncoding = 4; lastKnownFileType = sourcecode.c.h; path = TableViewCell.h; sourceTree = "<group>"; };
		A4765A881ED313B600A17958 /* TableViewCell.m */ = {isa = PBXFileReference; fileEncoding = 4; lastKnownFileType = sourcecode.c.objc; path = TableViewCell.m; sourceTree = "<group>"; };
/* End PBXFileReference section */

/* Begin PBXFrameworksBuildPhase section */
		A4765A5C1ED3121000A17958 /* Frameworks */ = {
			isa = PBXFrameworksBuildPhase;
			buildActionMask = 2147483647;
			files = (
			);
			runOnlyForDeploymentPostprocessing = 0;
		};
		A4765A751ED3121000A17958 /* Frameworks */ = {
			isa = PBXFrameworksBuildPhase;
			buildActionMask = 2147483647;
			files = (
			);
			runOnlyForDeploymentPostprocessing = 0;
		};
/* End PBXFrameworksBuildPhase section */

/* Begin PBXGroup section */
		A4765A561ED3121000A17958 = {
			isa = PBXGroup;
			children = (
				A4765A611ED3121000A17958 /* accordingToTheNeedToLoad */,
				A4765A7B1ED3121000A17958 /* accordingToTheNeedToLoadTests */,
				A4765A601ED3121000A17958 /* Products */,
			);
			sourceTree = "<group>";
		};
		A4765A601ED3121000A17958 /* Products */ = {
			isa = PBXGroup;
			children = (
				A4765A5F1ED3121000A17958 /* accordingToTheNeedToLoad.app */,
				A4765A781ED3121000A17958 /* accordingToTheNeedToLoadTests.xctest */,
			);
			name = Products;
			sourceTree = "<group>";
		};
		A4765A611ED3121000A17958 /* accordingToTheNeedToLoad */ = {
			isa = PBXGroup;
			children = (
				A4765A651ED3121000A17958 /* AppDelegate.h */,
				A4765A661ED3121000A17958 /* AppDelegate.m */,
				A4765A681ED3121000A17958 /* ViewController.h */,
				A4765A691ED3121000A17958 /* ViewController.m */,
				A4765A871ED313B600A17958 /* TableViewCell.h */,
				A4765A881ED313B600A17958 /* TableViewCell.m */,
				A4765A6B1ED3121000A17958 /* Main.storyboard */,
				A4765A6E1ED3121000A17958 /* Assets.xcassets */,
				A4765A701ED3121000A17958 /* LaunchScreen.storyboard */,
				A4765A731ED3121000A17958 /* Info.plist */,
				A4765A621ED3121000A17958 /* Supporting Files */,
			);
			path = accordingToTheNeedToLoad;
			sourceTree = "<group>";
		};
		A4765A621ED3121000A17958 /* Supporting Files */ = {
			isa = PBXGroup;
			children = (
				A4765A631ED3121000A17958 /* main.m */,
			);
			name = "Supporting Files";
			sourceTree = "<group>";
		};
		A4765A7B1ED3121000A17958 /* accordingToTheNeedToLoadTests */ = {
			isa = PBXGroup;
			children = (
				A4765A7C1ED3121000A17958 /* accordingToTheNeedToLoadTests.m */,
				A4765A7E1ED3121000A17958 /* Info.plist */,
			);
			path = accordingToTheNeedToLoadTests;
			sourceTree = "<group>";
		};
/* End PBXGroup section */

/* Begin PBXNativeTarget section */
		A4765A5E1ED3121000A17958 /* accordingToTheNeedToLoad */ = {
			isa = PBXNativeTarget;
			buildConfigurationList = A4765A811ED3121000A17958 /* Build configuration list for PBXNativeTarget "accordingToTheNeedToLoad" */;
			buildPhases = (
				A4765A5B1ED3121000A17958 /* Sources */,
				A4765A5C1ED3121000A17958 /* Frameworks */,
				A4765A5D1ED3121000A17958 /* Resources */,
			);
			buildRules = (
			);
			dependencies = (
			);
			name = accordingToTheNeedToLoad;
			productName = accordingToTheNeedToLoad;
			productReference = A4765A5F1ED3121000A17958 /* accordingToTheNeedToLoad.app */;
			productType = "com.apple.product-type.application";
		};
		A4765A771ED3121000A17958 /* accordingToTheNeedToLoadTests */ = {
			isa = PBXNativeTarget;
			buildConfigurationList = A4765A841ED3121000A17958 /* Build configuration list for PBXNativeTarget "accordingToTheNeedToLoadTests" */;
			buildPhases = (
				A4765A741ED3121000A17958 /* Sources */,
				A4765A751ED3121000A17958 /* Frameworks */,
				A4765A761ED3121000A17958 /* Resources */,
			);
			buildRules = (
			);
			dependencies = (
				A4765A7A1ED3121000A17958 /* PBXTargetDependency */,
			);
			name = accordingToTheNeedToLoadTests;
			productName = accordingToTheNeedToLoadTests;
			productReference = A4765A781ED3121000A17958 /* accordingToTheNeedToLoadTests.xctest */;
			productType = "com.apple.product-type.bundle.unit-test";
		};
/* End PBXNativeTarget section */

/* Begin PBXProject section */
		A4765A571ED3121000A17958 /* Project object */ = {
			isa = PBXProject;
			attributes = {
				LastUpgradeCheck = 0820;
				ORGANIZATIONNAME = "郭杭";
				TargetAttributes = {
					A4765A5E1ED3121000A17958 = {
						CreatedOnToolsVersion = 8.2.1;
						ProvisioningStyle = Automatic;
					};
					A4765A771ED3121000A17958 = {
						CreatedOnToolsVersion = 8.2.1;
						ProvisioningStyle = Automatic;
						TestTargetID = A4765A5E1ED3121000A17958;
					};
				};
			};
			buildConfigurationList = A4765A5A1ED3121000A17958 /* Build configuration list for PBXProject "accordingToTheNeedToLoad" */;
			compatibilityVersion = "Xcode 3.2";
			developmentRegion = English;
			hasScannedForEncodings = 0;
			knownRegions = (
				en,
				Base,
			);
			mainGroup = A4765A561ED3121000A17958;
			productRefGroup = A4765A601ED3121000A17958 /* Products */;
			projectDirPath = "";
			projectRoot = "";
			targets = (
				A4765A5E1ED3121000A17958 /* accordingToTheNeedToLoad */,
				A4765A771ED3121000A17958 /* accordingToTheNeedToLoadTests */,
			);
		};
/* End PBXProject section */

/* Begin PBXResourcesBuildPhase section */
		A4765A5D1ED3121000A17958 /* Resources */ = {
			isa = PBXResourcesBuildPhase;
			buildActionMask = 2147483647;
			files = (
				A4765A721ED3121000A17958 /* LaunchScreen.storyboard in Resources */,
				A4765A6F1ED3121000A17958 /* Assets.xcassets in Resources */,
				A4765A6D1ED3121000A17958 /* Main.storyboard in Resources */,
			);
			runOnlyForDeploymentPostprocessing = 0;
		};
		A4765A761ED3121000A17958 /* Resources */ = {
			isa = PBXResourcesBuildPhase;
			buildActionMask = 2147483647;
			files = (
			);
			runOnlyForDeploymentPostprocessing = 0;
		};
/* End PBXResourcesBuildPhase section */

/* Begin PBXSourcesBuildPhase section */
		A4765A5B1ED3121000A17958 /* Sources */ = {
			isa = PBXSourcesBuildPhase;
			buildActionMask = 2147483647;
			files = (
				A4765A6A1ED3121000A17958 /* ViewController.m in Sources */,
				A4765A891ED313B600A17958 /* TableViewCell.m in Sources */,
				A4765A671ED3121000A17958 /* AppDelegate.m in Sources */,
				A4765A641ED3121000A17958 /* main.m in Sources */,
			);
			runOnlyForDeploymentPostprocessing = 0;
		};
		A4765A741ED3121000A17958 /* Sources */ = {
			isa = PBXSourcesBuildPhase;
			buildActionMask = 2147483647;
			files = (
				A4765A7D1ED3121000A17958 /* accordingToTheNeedToLoadTests.m in Sources */,
			);
			runOnlyForDeploymentPostprocessing = 0;
		};
/* End PBXSourcesBuildPhase section */

/* Begin PBXTargetDependency section */
		A4765A7A1ED3121000A17958 /* PBXTargetDependency */ = {
			isa = PBXTargetDependency;
			target = A4765A5E1ED3121000A17958 /* accordingToTheNeedToLoad */;
			targetProxy = A4765A791ED3121000A17958 /* PBXContainerItemProxy */;
		};
/* End PBXTargetDependency section */

/* Begin PBXVariantGroup section */
		A4765A6B1ED3121000A17958 /* Main.storyboard */ = {
			isa = PBXVariantGroup;
			children = (
				A4765A6C1ED3121000A17958 /* Base */,
			);
			name = Main.storyboard;
			sourceTree = "<group>";
		};
		A4765A701ED3121000A17958 /* LaunchScreen.storyboard */ = {
			isa = PBXVariantGroup;
			children = (
				A4765A711ED3121000A17958 /* Base */,
			);
			name = LaunchScreen.storyboard;
			sourceTree = "<group>";
		};
/* End PBXVariantGroup section */

/* Begin XCBuildConfiguration section */
		A4765A7F1ED3121000A17958 /* Debug */ = {
			isa = XCBuildConfiguration;
			buildSettings = {
				ALWAYS_SEARCH_USER_PATHS = NO;
				CLANG_ANALYZER_NONNULL = YES;
				CLANG_CXX_LANGUAGE_STANDARD = "gnu++0x";
				CLANG_CXX_LIBRARY = "libc++";
				CLANG_ENABLE_MODULES = YES;
				CLANG_ENABLE_OBJC_ARC = YES;
				CLANG_WARN_BOOL_CONVERSION = YES;
				CLANG_WARN_CONSTANT_CONVERSION = YES;
				CLANG_WARN_DIRECT_OBJC_ISA_USAGE = YES_ERROR;
				CLANG_WARN_DOCUMENTATION_COMMENTS = YES;
				CLANG_WARN_EMPTY_BODY = YES;
				CLANG_WARN_ENUM_CONVERSION = YES;
				CLANG_WARN_INFINITE_RECURSION = YES;
				CLANG_WARN_INT_CONVERSION = YES;
				CLANG_WARN_OBJC_ROOT_CLASS = YES_ERROR;
				CLANG_WARN_SUSPICIOUS_MOVE = YES;
				CLANG_WARN_UNREACHABLE_CODE = YES;
				CLANG_WARN__DUPLICATE_METHOD_MATCH = YES;
				"CODE_SIGN_IDENTITY[sdk=iphoneos*]" = "iPhone Developer";
				COPY_PHASE_STRIP = NO;
				DEBUG_INFORMATION_FORMAT = dwarf;
				ENABLE_STRICT_OBJC_MSGSEND = YES;
				ENABLE_TESTABILITY = YES;
				GCC_C_LANGUAGE_STANDARD = gnu99;
				GCC_DYNAMIC_NO_PIC = NO;
				GCC_NO_COMMON_BLOCKS = YES;
				GCC_OPTIMIZATION_LEVEL = 0;
				GCC_PREPROCESSOR_DEFINITIONS = (
					"DEBUG=1",
					"$(inherited)",
				);
				GCC_WARN_64_TO_32_BIT_CONVERSION = YES;
				GCC_WARN_ABOUT_RETURN_TYPE = YES_ERROR;
				GCC_WARN_UNDECLARED_SELECTOR = YES;
				GCC_WARN_UNINITIALIZED_AUTOS = YES_AGGRESSIVE;
				GCC_WARN_UNUSED_FUNCTION = YES;
				GCC_WARN_UNUSED_VARIABLE = YES;
				IPHONEOS_DEPLOYMENT_TARGET = 10.2;
				MTL_ENABLE_DEBUG_INFO = YES;
				ONLY_ACTIVE_ARCH = YES;
				SDKROOT = iphoneos;
				TARGETED_DEVICE_FAMILY = "1,2";
			};
			name = Debug;
		};
		A4765A801ED3121000A17958 /* Release */ = {
			isa = XCBuildConfiguration;
			buildSettings = {
				ALWAYS_SEARCH_USER_PATHS = NO;
				CLANG_ANALYZER_NONNULL = YES;
				CLANG_CXX_LANGUAGE_STANDARD = "gnu++0x";
				CLANG_CXX_LIBRARY = "libc++";
				CLANG_ENABLE_MODULES = YES;
				CLANG_ENABLE_OBJC_ARC = YES;
				CLANG_WARN_BOOL_CONVERSION = YES;
				CLANG_WARN_CONSTANT_CONVERSION = YES;
				CLANG_WARN_DIRECT_OBJC_ISA_USAGE = YES_ERROR;
				CLANG_WARN_DOCUMENTATION_COMMENTS = YES;
				CLANG_WARN_EMPTY_BODY = YES;
				CLANG_WARN_ENUM_CONVERSION = YES;
				CLANG_WARN_INFINITE_RECURSION = YES;
				CLANG_WARN_INT_CONVERSION = YES;
				CLANG_WARN_OBJC_ROOT_CLASS = YES_ERROR;
				CLANG_WARN_SUSPICIOUS_MOVE = YES;
				CLANG_WARN_UNREACHABLE_CODE = YES;
				CLANG_WARN__DUPLICATE_METHOD_MATCH = YES;
				"CODE_SIGN_IDENTITY[sdk=iphoneos*]" = "iPhone Developer";
				COPY_PHASE_STRIP = NO;
				DEBUG_INFORMATION_FORMAT = "dwarf-with-dsym";
				ENABLE_NS_ASSERTIONS = NO;
				ENABLE_STRICT_OBJC_MSGSEND = YES;
				GCC_C_LANGUAGE_STANDARD = gnu99;
				GCC_NO_COMMON_BLOCKS = YES;
				GCC_WARN_64_TO_32_BIT_CONVERSION = YES;
				GCC_WARN_ABOUT_RETURN_TYPE = YES_ERROR;
				GCC_WARN_UNDECLARED_SELECTOR = YES;
				GCC_WARN_UNINITIALIZED_AUTOS = YES_AGGRESSIVE;
				GCC_WARN_UNUSED_FUNCTION = YES;
				GCC_WARN_UNUSED_VARIABLE = YES;
				IPHONEOS_DEPLOYMENT_TARGET = 10.2;
				MTL_ENABLE_DEBUG_INFO = NO;
				SDKROOT = iphoneos;
				TARGETED_DEVICE_FAMILY = "1,2";
				VALIDATE_PRODUCT = YES;
			};
			name = Release;
		};
		A4765A821ED3121000A17958 /* Debug */ = {
			isa = XCBuildConfiguration;
			buildSettings = {
				ASSETCATALOG_COMPILER_APPICON_NAME = AppIcon;
				INFOPLIST_FILE = accordingToTheNeedToLoad/Info.plist;
				LD_RUNPATH_SEARCH_PATHS = "$(inherited) @executable_path/Frameworks";
				PRODUCT_BUNDLE_IDENTIFIER = lainx.accordingToTheNeedToLoad;
				PRODUCT_NAME = "$(TARGET_NAME)";
			};
			name = Debug;
		};
		A4765A831ED3121000A17958 /* Release */ = {
			isa = XCBuildConfiguration;
			buildSettings = {
				ASSETCATALOG_COMPILER_APPICON_NAME = AppIcon;
				INFOPLIST_FILE = accordingToTheNeedToLoad/Info.plist;
				LD_RUNPATH_SEARCH_PATHS = "$(inherited) @executable_path/Frameworks";
				PRODUCT_BUNDLE_IDENTIFIER = lainx.accordingToTheNeedToLoad;
				PRODUCT_NAME = "$(TARGET_NAME)";
			};
			name = Release;
		};
		A4765A851ED3121000A17958 /* Debug */ = {
			isa = XCBuildConfiguration;
			buildSettings = {
				BUNDLE_LOADER = "$(TEST_HOST)";
				INFOPLIST_FILE = accordingToTheNeedToLoadTests/Info.plist;
				LD_RUNPATH_SEARCH_PATHS = "$(inherited) @executable_path/Frameworks @loader_path/Frameworks";
				PRODUCT_BUNDLE_IDENTIFIER = lainx.accordingToTheNeedToLoadTests;
				PRODUCT_NAME = "$(TARGET_NAME)";
				TEST_HOST = "$(BUILT_PRODUCTS_DIR)/accordingToTheNeedToLoad.app/accordingToTheNeedToLoad";
			};
			name = Debug;
		};
		A4765A861ED3121000A17958 /* Release */ = {
			isa = XCBuildConfiguration;
			buildSettings = {
				BUNDLE_LOADER = "$(TEST_HOST)";
				INFOPLIST_FILE = accordingToTheNeedToLoadTests/Info.plist;
				LD_RUNPATH_SEARCH_PATHS = "$(inherited) @executable_path/Frameworks @loader_path/Frameworks";
				PRODUCT_BUNDLE_IDENTIFIER = lainx.accordingToTheNeedToLoadTests;
				PRODUCT_NAME = "$(TARGET_NAME)";
				TEST_HOST = "$(BUILT_PRODUCTS_DIR)/accordingToTheNeedToLoad.app/accordingToTheNeedToLoad";
			};
			name = Release;
		};
/* End XCBuildConfiguration section */

/* Begin XCConfigurationList section */
		A4765A5A1ED3121000A17958 /* Build configuration list for PBXProject "accordingToTheNeedToLoad" */ = {
			isa = XCConfigurationList;
			buildConfigurations = (
				A4765A7F1ED3121000A17958 /* Debug */,
				A4765A801ED3121000A17958 /* Release */,
			);
			defaultConfigurationIsVisible = 0;
			defaultConfigurationName = Release;
		};
		A4765A811ED3121000A17958 /* Build configuration list for PBXNativeTarget "accordingToTheNeedToLoad" */ = {
			isa = XCConfigurationList;
			buildConfigurations = (
				A4765A821ED3121000A17958 /* Debug */,
				A4765A831ED3121000A17958 /* Release */,
			);
			defaultConfigurationIsVisible = 0;
		};
		A4765A841ED3121000A17958 /* Build configuration list for PBXNativeTarget "accordingToTheNeedToLoadTests" */ = {
			isa = XCConfigurationList;
			buildConfigurations = (
				A4765A851ED3121000A17958 /* Debug */,
				A4765A861ED3121000A17958 /* Release */,
			);
			defaultConfigurationIsVisible = 0;
		};
/* End XCConfigurationList section */
	};
	rootObject = A4765A571ED3121000A17958 /* Project object */;
}
